{
  "name": "nodejs-eval.snomiao.com",
  "version": "1.0.0",
  "lockfileVersion": 1,
  "requires": true,
  "dependencies": {
    "require-auto": {
      "version": "1.2.0",
      "resolved": "https://registry.npmjs.org/require-auto/-/require-auto-1.2.0.tgz",
      "integrity": "sha1-FGmlmLwZJONSxiF+6Sp8w91u7Yg="
    }
  }
}
